
Microsoft Visual Studio Solution File, Format Version 12.00
# Visual Studio 15
VisualStudioVersion = 15.0.28307.1062
MinimumVisualStudioVersion = 10.0.40219.1
Project("{FAE04EC0-301F-11D3-BF4B-00C04F79EFBC}") = "Sahibinden", "Sahibinden\Sahibinden.csproj", "{33E70BFD-1D4F-478C-9858-F13C0E6F9C0E}"
EndProject
Global
	GlobalSection(SolutionConfigurationPlatforms) = preSolution
		Debug|Any CPU = Debug|Any CPU
		Release|Any CPU = Release|Any CPU
	EndGlobalSection
	GlobalSection(ProjectConfigurationPlatforms) = postSolution
		{33E70BFD-1D4F-478C-9858-F13C0E6F9C0E}.Debug|Any CPU.ActiveCfg = Debug|Any CPU
		{33E70BFD-1D4F-478C-9858-F13C0E6F9C0E}.Debug|Any CPU.Build.0 = Debug|Any CPU
		{33E70BFD-1D4F-478C-9858-F13C0E6F9C0E}.Release|Any CPU.ActiveCfg = Release|Any CPU
		{33E70BFD-1D4F-478C-9858-F13C0E6F9C0E}.Release|Any CPU.Build.0 = Release|Any CPU
	EndGlobalSection
	GlobalSection(SolutionProperties) = preSolution
		HideSolutionNode = FALSE
	EndGlobalSection
	GlobalSection(ExtensibilityGlobals) = postSolution
		SolutionGuid = {FDF4EA08-B72A-4869-895A-B677F477444C}
	EndGlobalSection
EndGlobal
